
Microsoft Visual Studio Solution File, Format Version 12.00
# Visual Studio 15
VisualStudioVersion = 15.0.26430.6
MinimumVisualStudioVersion = 10.0.40219.1
Project("{FAE04EC0-301F-11D3-BF4B-00C04F79EFBC}") = "PeaksProcessing", "PeaksProcessing\PeaksProcessing.csproj", "{21B767CB-B0B8-475F-B18F-B9ACDB004333}"
EndProject
Project("{8BC9CEB8-8B4A-11D0-8D11-00A0C91BC942}") = "Bridge", "Bridge\Bridge.vcxproj", "{C18E0448-6EE7-4593-91AE-EA10C0FB068B}"
EndProject
Project("{FAE04EC0-301F-11D3-BF4B-00C04F79EFBC}") = "DynamicDataDisplay.DirectX11", "Common\D3future\Main\src\DynamicDataDisplay.DirectX11\DynamicDataDisplay.DirectX11\DynamicDataDisplay.DirectX11.csproj", "{CFA11EC8-34BC-4D4C-B484-93FB8F0DE609}"
EndProject
Project("{FAE04EC0-301F-11D3-BF4B-00C04F79EFBC}") = "DynamicDataDisplay", "Common\D3future\Main\src\DynamicDataDisplay\DynamicDataDisplay.csproj", "{ECD37682-DF7E-409F-912D-0965634556B5}"
EndProject
Project("{8BC9CEB8-8B4A-11D0-8D11-00A0C91BC942}") = "Microsoft.WindowsAPICodePack.DirectX", "Common\D3future\Main\src\DirectX\DirectX\DirectX.vcxproj", "{446B1E21-65A1-4F56-AA2C-D2E24058B2B8}"
EndProject
Project("{8BC9CEB8-8B4A-11D0-8D11-00A0C91BC942}") = "Interop.D3DImageEx", "Common\D3future\Main\src\Interop.D3DImageEx\Interop.D3DImageEx.vcxproj", "{C10E7AA0-71BE-4993-9D6A-B7CA1AE954AE}"
EndProject
Global
	GlobalSection(SolutionConfigurationPlatforms) = preSolution
		Debug with FxCop|Any CPU = Debug with FxCop|Any CPU
		Debug with FxCop|ARM = Debug with FxCop|ARM
		Debug with FxCop|x64 = Debug with FxCop|x64
		Debug with FxCop|x86 = Debug with FxCop|x86
		Debug|Any CPU = Debug|Any CPU
		Debug|ARM = Debug|ARM
		Debug|x64 = Debug|x64
		Debug|x86 = Debug|x86
		EnergidDebug|Any CPU = EnergidDebug|Any CPU
		EnergidDebug|ARM = EnergidDebug|ARM
		EnergidDebug|x64 = EnergidDebug|x64
		EnergidDebug|x86 = EnergidDebug|x86
		EnergidDebugButRelease|Any CPU = EnergidDebugButRelease|Any CPU
		EnergidDebugButRelease|ARM = EnergidDebugButRelease|ARM
		EnergidDebugButRelease|x64 = EnergidDebugButRelease|x64
		EnergidDebugButRelease|x86 = EnergidDebugButRelease|x86
		EnergidRelease|Any CPU = EnergidRelease|Any CPU
		EnergidRelease|ARM = EnergidRelease|ARM
		EnergidRelease|x64 = EnergidRelease|x64
		EnergidRelease|x86 = EnergidRelease|x86
		Release with FxCop|Any CPU = Release with FxCop|Any CPU
		Release with FxCop|ARM = Release with FxCop|ARM
		Release with FxCop|x64 = Release with FxCop|x64
		Release with FxCop|x86 = Release with FxCop|x86
		Release|Any CPU = Release|Any CPU
		Release|ARM = Release|ARM
		Release|x64 = Release|x64
		Release|x86 = Release|x86
		ReleaseXBAP|Any CPU = ReleaseXBAP|Any CPU
		ReleaseXBAP|ARM = ReleaseXBAP|ARM
		ReleaseXBAP|x64 = ReleaseXBAP|x64
		ReleaseXBAP|x86 = ReleaseXBAP|x86
		UwpDebug|Any CPU = UwpDebug|Any CPU
		UwpDebug|ARM = UwpDebug|ARM
		UwpDebug|x64 = UwpDebug|x64
		UwpDebug|x86 = UwpDebug|x86
		UwpRelease|Any CPU = UwpRelease|Any CPU
		UwpRelease|ARM = UwpRelease|ARM
		UwpRelease|x64 = UwpRelease|x64
		UwpRelease|x86 = UwpRelease|x86
	EndGlobalSection
	GlobalSection(ProjectConfigurationPlatforms) = postSolution
		{21B767CB-B0B8-475F-B18F-B9ACDB004333}.Debug with FxCop|Any CPU.ActiveCfg = Debug|Any CPU
		{21B767CB-B0B8-475F-B18F-B9ACDB004333}.Debug with FxCop|Any CPU.Build.0 = Debug|Any CPU
		{21B767CB-B0B8-475F-B18F-B9ACDB004333}.Debug with FxCop|ARM.ActiveCfg = Debug|Any CPU
		{21B767CB-B0B8-475F-B18F-B9ACDB004333}.Debug with FxCop|ARM.Build.0 = Debug|Any CPU
		{21B767CB-B0B8-475F-B18F-B9ACDB004333}.Debug with FxCop|x64.ActiveCfg = Debug|x64
		{21B767CB-B0B8-475F-B18F-B9ACDB004333}.Debug with FxCop|x64.Build.0 = Debug|x64
		{21B767CB-B0B8-475F-B18F-B9ACDB004333}.Debug with FxCop|x86.ActiveCfg = Debug|Any CPU
		{21B767CB-B0B8-475F-B18F-B9ACDB004333}.Debug with FxCop|x86.Build.0 = Debug|Any CPU
		{21B767CB-B0B8-475F-B18F-B9ACDB004333}.Debug|Any CPU.ActiveCfg = Debug|Any CPU
		{21B767CB-B0B8-475F-B18F-B9ACDB004333}.Debug|Any CPU.Build.0 = Debug|Any CPU
		{21B767CB-B0B8-475F-B18F-B9ACDB004333}.Debug|ARM.ActiveCfg = Debug|Any CPU
		{21B767CB-B0B8-475F-B18F-B9ACDB004333}.Debug|ARM.Build.0 = Debug|Any CPU
		{21B767CB-B0B8-475F-B18F-B9ACDB004333}.Debug|x64.ActiveCfg = Debug|x64
		{21B767CB-B0B8-475F-B18F-B9ACDB004333}.Debug|x64.Build.0 = Debug|x64
		{21B767CB-B0B8-475F-B18F-B9ACDB004333}.Debug|x86.ActiveCfg = Debug|Any CPU
		{21B767CB-B0B8-475F-B18F-B9ACDB004333}.Debug|x86.Build.0 = Debug|Any CPU
		{21B767CB-B0B8-475F-B18F-B9ACDB004333}.EnergidDebug|Any CPU.ActiveCfg = Debug|Any CPU
		{21B767CB-B0B8-475F-B18F-B9ACDB004333}.EnergidDebug|Any CPU.Build.0 = Debug|Any CPU
		{21B767CB-B0B8-475F-B18F-B9ACDB004333}.EnergidDebug|ARM.ActiveCfg = Debug|Any CPU
		{21B767CB-B0B8-475F-B18F-B9ACDB004333}.EnergidDebug|ARM.Build.0 = Debug|Any CPU
		{21B767CB-B0B8-475F-B18F-B9ACDB004333}.EnergidDebug|x64.ActiveCfg = Debug|x64
		{21B767CB-B0B8-475F-B18F-B9ACDB004333}.EnergidDebug|x64.Build.0 = Debug|x64
		{21B767CB-B0B8-475F-B18F-B9ACDB004333}.EnergidDebug|x86.ActiveCfg = Debug|Any CPU
		{21B767CB-B0B8-475F-B18F-B9ACDB004333}.EnergidDebug|x86.Build.0 = Debug|Any CPU
		{21B767CB-B0B8-475F-B18F-B9ACDB004333}.EnergidDebugButRelease|Any CPU.ActiveCfg = Release|Any CPU
		{21B767CB-B0B8-475F-B18F-B9ACDB004333}.EnergidDebugButRelease|Any CPU.Build.0 = Release|Any CPU
		{21B767CB-B0B8-475F-B18F-B9ACDB004333}.EnergidDebugButRelease|ARM.ActiveCfg = Release|Any CPU
		{21B767CB-B0B8-475F-B18F-B9ACDB004333}.EnergidDebugButRelease|ARM.Build.0 = Release|Any CPU
		{21B767CB-B0B8-475F-B18F-B9ACDB004333}.EnergidDebugButRelease|x64.ActiveCfg = Release|x64
		{21B767CB-B0B8-475F-B18F-B9ACDB004333}.EnergidDebugButRelease|x64.Build.0 = Release|x64
		{21B767CB-B0B8-475F-B18F-B9ACDB004333}.EnergidDebugButRelease|x86.ActiveCfg = Release|Any CPU
		{21B767CB-B0B8-475F-B18F-B9ACDB004333}.EnergidDebugButRelease|x86.Build.0 = Release|Any CPU
		{21B767CB-B0B8-475F-B18F-B9ACDB004333}.EnergidRelease|Any CPU.ActiveCfg = Release|Any CPU
		{21B767CB-B0B8-475F-B18F-B9ACDB004333}.EnergidRelease|Any CPU.Build.0 = Release|Any CPU
		{21B767CB-B0B8-475F-B18F-B9ACDB004333}.EnergidRelease|ARM.ActiveCfg = Release|Any CPU
		{21B767CB-B0B8-475F-B18F-B9ACDB004333}.EnergidRelease|ARM.Build.0 = Release|Any CPU
		{21B767CB-B0B8-475F-B18F-B9ACDB004333}.EnergidRelease|x64.ActiveCfg = Release|x64
		{21B767CB-B0B8-475F-B18F-B9ACDB004333}.EnergidRelease|x64.Build.0 = Release|x64
		{21B767CB-B0B8-475F-B18F-B9ACDB004333}.EnergidRelease|x86.ActiveCfg = Release|Any CPU
		{21B767CB-B0B8-475F-B18F-B9ACDB004333}.EnergidRelease|x86.Build.0 = Release|Any CPU
		{21B767CB-B0B8-475F-B18F-B9ACDB004333}.Release with FxCop|Any CPU.ActiveCfg = Release|Any CPU
		{21B767CB-B0B8-475F-B18F-B9ACDB004333}.Release with FxCop|Any CPU.Build.0 = Release|Any CPU
		{21B767CB-B0B8-475F-B18F-B9ACDB004333}.Release with FxCop|ARM.ActiveCfg = Release|Any CPU
		{21B767CB-B0B8-475F-B18F-B9ACDB004333}.Release with FxCop|ARM.Build.0 = Release|Any CPU
		{21B767CB-B0B8-475F-B18F-B9ACDB004333}.Release with FxCop|x64.ActiveCfg = Release|x64
		{21B767CB-B0B8-475F-B18F-B9ACDB004333}.Release with FxCop|x64.Build.0 = Release|x64
		{21B767CB-B0B8-475F-B18F-B9ACDB004333}.Release with FxCop|x86.ActiveCfg = Release|Any CPU
		{21B767CB-B0B8-475F-B18F-B9ACDB004333}.Release with FxCop|x86.Build.0 = Release|Any CPU
		{21B767CB-B0B8-475F-B18F-B9ACDB004333}.Release|Any CPU.ActiveCfg = Release|Any CPU
		{21B767CB-B0B8-475F-B18F-B9ACDB004333}.Release|Any CPU.Build.0 = Release|Any CPU
		{21B767CB-B0B8-475F-B18F-B9ACDB004333}.Release|ARM.ActiveCfg = Release|Any CPU
		{21B767CB-B0B8-475F-B18F-B9ACDB004333}.Release|ARM.Build.0 = Release|Any CPU
		{21B767CB-B0B8-475F-B18F-B9ACDB004333}.Release|x64.ActiveCfg = Release|x64
		{21B767CB-B0B8-475F-B18F-B9ACDB004333}.Release|x64.Build.0 = Release|x64
		{21B767CB-B0B8-475F-B18F-B9ACDB004333}.Release|x86.ActiveCfg = Release|Any CPU
		{21B767CB-B0B8-475F-B18F-B9ACDB004333}.Release|x86.Build.0 = Release|Any CPU
		{21B767CB-B0B8-475F-B18F-B9ACDB004333}.ReleaseXBAP|Any CPU.ActiveCfg = Release|Any CPU
		{21B767CB-B0B8-475F-B18F-B9ACDB004333}.ReleaseXBAP|Any CPU.Build.0 = Release|Any CPU
		{21B767CB-B0B8-475F-B18F-B9ACDB004333}.ReleaseXBAP|ARM.ActiveCfg = Release|Any CPU
		{21B767CB-B0B8-475F-B18F-B9ACDB004333}.ReleaseXBAP|ARM.Build.0 = Release|Any CPU
		{21B767CB-B0B8-475F-B18F-B9ACDB004333}.ReleaseXBAP|x64.ActiveCfg = Release|x64
		{21B767CB-B0B8-475F-B18F-B9ACDB004333}.ReleaseXBAP|x64.Build.0 = Release|x64
		{21B767CB-B0B8-475F-B18F-B9ACDB004333}.ReleaseXBAP|x86.ActiveCfg = Release|Any CPU
		{21B767CB-B0B8-475F-B18F-B9ACDB004333}.ReleaseXBAP|x86.Build.0 = Release|Any CPU
		{21B767CB-B0B8-475F-B18F-B9ACDB004333}.UwpDebug|Any CPU.ActiveCfg = Debug|Any CPU
		{21B767CB-B0B8-475F-B18F-B9ACDB004333}.UwpDebug|Any CPU.Build.0 = Debug|Any CPU
		{21B767CB-B0B8-475F-B18F-B9ACDB004333}.UwpDebug|ARM.ActiveCfg = Debug|Any CPU
		{21B767CB-B0B8-475F-B18F-B9ACDB004333}.UwpDebug|ARM.Build.0 = Debug|Any CPU
		{21B767CB-B0B8-475F-B18F-B9ACDB004333}.UwpDebug|x64.ActiveCfg = Debug|x64
		{21B767CB-B0B8-475F-B18F-B9ACDB004333}.UwpDebug|x64.Build.0 = Debug|x64
		{21B767CB-B0B8-475F-B18F-B9ACDB004333}.UwpDebug|x86.ActiveCfg = Debug|Any CPU
		{21B767CB-B0B8-475F-B18F-B9ACDB004333}.UwpDebug|x86.Build.0 = Debug|Any CPU
		{21B767CB-B0B8-475F-B18F-B9ACDB004333}.UwpRelease|Any CPU.ActiveCfg = Release|Any CPU
		{21B767CB-B0B8-475F-B18F-B9ACDB004333}.UwpRelease|Any CPU.Build.0 = Release|Any CPU
		{21B767CB-B0B8-475F-B18F-B9ACDB004333}.UwpRelease|ARM.ActiveCfg = Release|Any CPU
		{21B767CB-B0B8-475F-B18F-B9ACDB004333}.UwpRelease|ARM.Build.0 = Release|Any CPU
		{21B767CB-B0B8-475F-B18F-B9ACDB004333}.UwpRelease|x64.ActiveCfg = Release|x64
		{21B767CB-B0B8-475F-B18F-B9ACDB004333}.UwpRelease|x64.Build.0 = Release|x64
		{21B767CB-B0B8-475F-B18F-B9ACDB004333}.UwpRelease|x86.ActiveCfg = Release|Any CPU
		{21B767CB-B0B8-475F-B18F-B9ACDB004333}.UwpRelease|x86.Build.0 = Release|Any CPU
		{C18E0448-6EE7-4593-91AE-EA10C0FB068B}.Debug with FxCop|Any CPU.ActiveCfg = Release|x64
		{C18E0448-6EE7-4593-91AE-EA10C0FB068B}.Debug with FxCop|Any CPU.Build.0 = Release|x64
		{C18E0448-6EE7-4593-91AE-EA10C0FB068B}.Debug with FxCop|ARM.ActiveCfg = Release|Win32
		{C18E0448-6EE7-4593-91AE-EA10C0FB068B}.Debug with FxCop|ARM.Build.0 = Release|Win32
		{C18E0448-6EE7-4593-91AE-EA10C0FB068B}.Debug with FxCop|x64.ActiveCfg = Debug|x64
		{C18E0448-6EE7-4593-91AE-EA10C0FB068B}.Debug with FxCop|x64.Build.0 = Debug|x64
		{C18E0448-6EE7-4593-91AE-EA10C0FB068B}.Debug with FxCop|x86.ActiveCfg = Debug|Win32
		{C18E0448-6EE7-4593-91AE-EA10C0FB068B}.Debug with FxCop|x86.Build.0 = Debug|Win32
		{C18E0448-6EE7-4593-91AE-EA10C0FB068B}.Debug|Any CPU.ActiveCfg = Debug|Win32
		{C18E0448-6EE7-4593-91AE-EA10C0FB068B}.Debug|Any CPU.Build.0 = Debug|Win32
		{C18E0448-6EE7-4593-91AE-EA10C0FB068B}.Debug|ARM.ActiveCfg = Debug|Win32
		{C18E0448-6EE7-4593-91AE-EA10C0FB068B}.Debug|x64.ActiveCfg = Debug|x64
		{C18E0448-6EE7-4593-91AE-EA10C0FB068B}.Debug|x64.Build.0 = Debug|x64
		{C18E0448-6EE7-4593-91AE-EA10C0FB068B}.Debug|x86.ActiveCfg = Debug|Win32
		{C18E0448-6EE7-4593-91AE-EA10C0FB068B}.Debug|x86.Build.0 = Debug|Win32
		{C18E0448-6EE7-4593-91AE-EA10C0FB068B}.EnergidDebug|Any CPU.ActiveCfg = Release|Win32
		{C18E0448-6EE7-4593-91AE-EA10C0FB068B}.EnergidDebug|Any CPU.Build.0 = Release|Win32
		{C18E0448-6EE7-4593-91AE-EA10C0FB068B}.EnergidDebug|ARM.ActiveCfg = Release|Win32
		{C18E0448-6EE7-4593-91AE-EA10C0FB068B}.EnergidDebug|ARM.Build.0 = Release|Win32
		{C18E0448-6EE7-4593-91AE-EA10C0FB068B}.EnergidDebug|x64.ActiveCfg = Debug|x64
		{C18E0448-6EE7-4593-91AE-EA10C0FB068B}.EnergidDebug|x64.Build.0 = Debug|x64
		{C18E0448-6EE7-4593-91AE-EA10C0FB068B}.EnergidDebug|x86.ActiveCfg = Debug|Win32
		{C18E0448-6EE7-4593-91AE-EA10C0FB068B}.EnergidDebug|x86.Build.0 = Debug|Win32
		{C18E0448-6EE7-4593-91AE-EA10C0FB068B}.EnergidDebugButRelease|Any CPU.ActiveCfg = Release|Win32
		{C18E0448-6EE7-4593-91AE-EA10C0FB068B}.EnergidDebugButRelease|Any CPU.Build.0 = Release|Win32
		{C18E0448-6EE7-4593-91AE-EA10C0FB068B}.EnergidDebugButRelease|ARM.ActiveCfg = Release|Win32
		{C18E0448-6EE7-4593-91AE-EA10C0FB068B}.EnergidDebugButRelease|ARM.Build.0 = Release|Win32
		{C18E0448-6EE7-4593-91AE-EA10C0FB068B}.EnergidDebugButRelease|x64.ActiveCfg = Release|x64
		{C18E0448-6EE7-4593-91AE-EA10C0FB068B}.EnergidDebugButRelease|x64.Build.0 = Release|x64
		{C18E0448-6EE7-4593-91AE-EA10C0FB068B}.EnergidDebugButRelease|x86.ActiveCfg = Release|Win32
		{C18E0448-6EE7-4593-91AE-EA10C0FB068B}.EnergidDebugButRelease|x86.Build.0 = Release|Win32
		{C18E0448-6EE7-4593-91AE-EA10C0FB068B}.EnergidRelease|Any CPU.ActiveCfg = Release|Win32
		{C18E0448-6EE7-4593-91AE-EA10C0FB068B}.EnergidRelease|Any CPU.Build.0 = Release|Win32
		{C18E0448-6EE7-4593-91AE-EA10C0FB068B}.EnergidRelease|ARM.ActiveCfg = Release|Win32
		{C18E0448-6EE7-4593-91AE-EA10C0FB068B}.EnergidRelease|ARM.Build.0 = Release|Win32
		{C18E0448-6EE7-4593-91AE-EA10C0FB068B}.EnergidRelease|x64.ActiveCfg = Release|x64
		{C18E0448-6EE7-4593-91AE-EA10C0FB068B}.EnergidRelease|x64.Build.0 = Release|x64
		{C18E0448-6EE7-4593-91AE-EA10C0FB068B}.EnergidRelease|x86.ActiveCfg = Release|Win32
		{C18E0448-6EE7-4593-91AE-EA10C0FB068B}.EnergidRelease|x86.Build.0 = Release|Win32
		{C18E0448-6EE7-4593-91AE-EA10C0FB068B}.Release with FxCop|Any CPU.ActiveCfg = Release|x64
		{C18E0448-6EE7-4593-91AE-EA10C0FB068B}.Release with FxCop|Any CPU.Build.0 = Release|x64
		{C18E0448-6EE7-4593-91AE-EA10C0FB068B}.Release with FxCop|ARM.ActiveCfg = Release|Win32
		{C18E0448-6EE7-4593-91AE-EA10C0FB068B}.Release with FxCop|ARM.Build.0 = Release|Win32
		{C18E0448-6EE7-4593-91AE-EA10C0FB068B}.Release with FxCop|x64.ActiveCfg = Release|x64
		{C18E0448-6EE7-4593-91AE-EA10C0FB068B}.Release with FxCop|x64.Build.0 = Release|x64
		{C18E0448-6EE7-4593-91AE-EA10C0FB068B}.Release with FxCop|x86.ActiveCfg = Release|Win32
		{C18E0448-6EE7-4593-91AE-EA10C0FB068B}.Release with FxCop|x86.Build.0 = Release|Win32
		{C18E0448-6EE7-4593-91AE-EA10C0FB068B}.Release|Any CPU.ActiveCfg = Release|Win32
		{C18E0448-6EE7-4593-91AE-EA10C0FB068B}.Release|ARM.ActiveCfg = Release|Win32
		{C18E0448-6EE7-4593-91AE-EA10C0FB068B}.Release|x64.ActiveCfg = Release|x64
		{C18E0448-6EE7-4593-91AE-EA10C0FB068B}.Release|x64.Build.0 = Release|x64
		{C18E0448-6EE7-4593-91AE-EA10C0FB068B}.Release|x86.ActiveCfg = Release|Win32
		{C18E0448-6EE7-4593-91AE-EA10C0FB068B}.Release|x86.Build.0 = Release|Win32
		{C18E0448-6EE7-4593-91AE-EA10C0FB068B}.ReleaseXBAP|Any CPU.ActiveCfg = Release|x64
		{C18E0448-6EE7-4593-91AE-EA10C0FB068B}.ReleaseXBAP|Any CPU.Build.0 = Release|x64
		{C18E0448-6EE7-4593-91AE-EA10C0FB068B}.ReleaseXBAP|ARM.ActiveCfg = Release|Win32
		{C18E0448-6EE7-4593-91AE-EA10C0FB068B}.ReleaseXBAP|ARM.Build.0 = Release|Win32
		{C18E0448-6EE7-4593-91AE-EA10C0FB068B}.ReleaseXBAP|x64.ActiveCfg = Release|x64
		{C18E0448-6EE7-4593-91AE-EA10C0FB068B}.ReleaseXBAP|x64.Build.0 = Release|x64
		{C18E0448-6EE7-4593-91AE-EA10C0FB068B}.ReleaseXBAP|x86.ActiveCfg = Release|Win32
		{C18E0448-6EE7-4593-91AE-EA10C0FB068B}.ReleaseXBAP|x86.Build.0 = Release|Win32
		{C18E0448-6EE7-4593-91AE-EA10C0FB068B}.UwpDebug|Any CPU.ActiveCfg = Release|Win32
		{C18E0448-6EE7-4593-91AE-EA10C0FB068B}.UwpDebug|Any CPU.Build.0 = Release|Win32
		{C18E0448-6EE7-4593-91AE-EA10C0FB068B}.UwpDebug|ARM.ActiveCfg = Release|Win32
		{C18E0448-6EE7-4593-91AE-EA10C0FB068B}.UwpDebug|ARM.Build.0 = Release|Win32
		{C18E0448-6EE7-4593-91AE-EA10C0FB068B}.UwpDebug|x64.ActiveCfg = Debug|x64
		{C18E0448-6EE7-4593-91AE-EA10C0FB068B}.UwpDebug|x64.Build.0 = Debug|x64
		{C18E0448-6EE7-4593-91AE-EA10C0FB068B}.UwpDebug|x86.ActiveCfg = Debug|Win32
		{C18E0448-6EE7-4593-91AE-EA10C0FB068B}.UwpDebug|x86.Build.0 = Debug|Win32
		{C18E0448-6EE7-4593-91AE-EA10C0FB068B}.UwpRelease|Any CPU.ActiveCfg = Release|Win32
		{C18E0448-6EE7-4593-91AE-EA10C0FB068B}.UwpRelease|Any CPU.Build.0 = Release|Win32
		{C18E0448-6EE7-4593-91AE-EA10C0FB068B}.UwpRelease|ARM.ActiveCfg = Release|Win32
		{C18E0448-6EE7-4593-91AE-EA10C0FB068B}.UwpRelease|ARM.Build.0 = Release|Win32
		{C18E0448-6EE7-4593-91AE-EA10C0FB068B}.UwpRelease|x64.ActiveCfg = Release|x64
		{C18E0448-6EE7-4593-91AE-EA10C0FB068B}.UwpRelease|x64.Build.0 = Release|x64
		{C18E0448-6EE7-4593-91AE-EA10C0FB068B}.UwpRelease|x86.ActiveCfg = Release|Win32
		{C18E0448-6EE7-4593-91AE-EA10C0FB068B}.UwpRelease|x86.Build.0 = Release|Win32
		{CFA11EC8-34BC-4D4C-B484-93FB8F0DE609}.Debug with FxCop|Any CPU.ActiveCfg = Debug|Any CPU
		{CFA11EC8-34BC-4D4C-B484-93FB8F0DE609}.Debug with FxCop|Any CPU.Build.0 = Debug|Any CPU
		{CFA11EC8-34BC-4D4C-B484-93FB8F0DE609}.Debug with FxCop|ARM.ActiveCfg = Debug|Any CPU
		{CFA11EC8-34BC-4D4C-B484-93FB8F0DE609}.Debug with FxCop|ARM.Build.0 = Debug|Any CPU
		{CFA11EC8-34BC-4D4C-B484-93FB8F0DE609}.Debug with FxCop|x64.ActiveCfg = Debug|x64
		{CFA11EC8-34BC-4D4C-B484-93FB8F0DE609}.Debug with FxCop|x64.Build.0 = Debug|x64
		{CFA11EC8-34BC-4D4C-B484-93FB8F0DE609}.Debug with FxCop|x86.ActiveCfg = Debug|x86
		{CFA11EC8-34BC-4D4C-B484-93FB8F0DE609}.Debug with FxCop|x86.Build.0 = Debug|x86
		{CFA11EC8-34BC-4D4C-B484-93FB8F0DE609}.Debug|Any CPU.ActiveCfg = Debug|Any CPU
		{CFA11EC8-34BC-4D4C-B484-93FB8F0DE609}.Debug|Any CPU.Build.0 = Debug|Any CPU
		{CFA11EC8-34BC-4D4C-B484-93FB8F0DE609}.Debug|ARM.ActiveCfg = Debug|Any CPU
		{CFA11EC8-34BC-4D4C-B484-93FB8F0DE609}.Debug|ARM.Build.0 = Debug|Any CPU
		{CFA11EC8-34BC-4D4C-B484-93FB8F0DE609}.Debug|x64.ActiveCfg = Debug|x64
		{CFA11EC8-34BC-4D4C-B484-93FB8F0DE609}.Debug|x64.Build.0 = Debug|x64
		{CFA11EC8-34BC-4D4C-B484-93FB8F0DE609}.Debug|x86.ActiveCfg = Debug|x86
		{CFA11EC8-34BC-4D4C-B484-93FB8F0DE609}.Debug|x86.Build.0 = Debug|x86
		{CFA11EC8-34BC-4D4C-B484-93FB8F0DE609}.EnergidDebug|Any CPU.ActiveCfg = Debug|Any CPU
		{CFA11EC8-34BC-4D4C-B484-93FB8F0DE609}.EnergidDebug|Any CPU.Build.0 = Debug|Any CPU
		{CFA11EC8-34BC-4D4C-B484-93FB8F0DE609}.EnergidDebug|ARM.ActiveCfg = Debug|Any CPU
		{CFA11EC8-34BC-4D4C-B484-93FB8F0DE609}.EnergidDebug|ARM.Build.0 = Debug|Any CPU
		{CFA11EC8-34BC-4D4C-B484-93FB8F0DE609}.EnergidDebug|x64.ActiveCfg = Debug|x64
		{CFA11EC8-34BC-4D4C-B484-93FB8F0DE609}.EnergidDebug|x64.Build.0 = Debug|x64
		{CFA11EC8-34BC-4D4C-B484-93FB8F0DE609}.EnergidDebug|x86.ActiveCfg = Debug|x86
		{CFA11EC8-34BC-4D4C-B484-93FB8F0DE609}.EnergidDebug|x86.Build.0 = Debug|x86
		{CFA11EC8-34BC-4D4C-B484-93FB8F0DE609}.EnergidDebugButRelease|Any CPU.ActiveCfg = Release|Any CPU
		{CFA11EC8-34BC-4D4C-B484-93FB8F0DE609}.EnergidDebugButRelease|Any CPU.Build.0 = Release|Any CPU
		{CFA11EC8-34BC-4D4C-B484-93FB8F0DE609}.EnergidDebugButRelease|ARM.ActiveCfg = Release|Any CPU
		{CFA11EC8-34BC-4D4C-B484-93FB8F0DE609}.EnergidDebugButRelease|ARM.Build.0 = Release|Any CPU
		{CFA11EC8-34BC-4D4C-B484-93FB8F0DE609}.EnergidDebugButRelease|x64.ActiveCfg = Release|x64
		{CFA11EC8-34BC-4D4C-B484-93FB8F0DE609}.EnergidDebugButRelease|x64.Build.0 = Release|x64
		{CFA11EC8-34BC-4D4C-B484-93FB8F0DE609}.EnergidDebugButRelease|x86.ActiveCfg = Release|x86
		{CFA11EC8-34BC-4D4C-B484-93FB8F0DE609}.EnergidDebugButRelease|x86.Build.0 = Release|x86
		{CFA11EC8-34BC-4D4C-B484-93FB8F0DE609}.EnergidRelease|Any CPU.ActiveCfg = Release|Any CPU
		{CFA11EC8-34BC-4D4C-B484-93FB8F0DE609}.EnergidRelease|Any CPU.Build.0 = Release|Any CPU
		{CFA11EC8-34BC-4D4C-B484-93FB8F0DE609}.EnergidRelease|ARM.ActiveCfg = Release|Any CPU
		{CFA11EC8-34BC-4D4C-B484-93FB8F0DE609}.EnergidRelease|ARM.Build.0 = Release|Any CPU
		{CFA11EC8-34BC-4D4C-B484-93FB8F0DE609}.EnergidRelease|x64.ActiveCfg = Release|x64
		{CFA11EC8-34BC-4D4C-B484-93FB8F0DE609}.EnergidRelease|x64.Build.0 = Release|x64
		{CFA11EC8-34BC-4D4C-B484-93FB8F0DE609}.EnergidRelease|x86.ActiveCfg = Release|x86
		{CFA11EC8-34BC-4D4C-B484-93FB8F0DE609}.EnergidRelease|x86.Build.0 = Release|x86
		{CFA11EC8-34BC-4D4C-B484-93FB8F0DE609}.Release with FxCop|Any CPU.ActiveCfg = Release|Any CPU
		{CFA11EC8-34BC-4D4C-B484-93FB8F0DE609}.Release with FxCop|Any CPU.Build.0 = Release|Any CPU
		{CFA11EC8-34BC-4D4C-B484-93FB8F0DE609}.Release with FxCop|ARM.ActiveCfg = Release|Any CPU
		{CFA11EC8-34BC-4D4C-B484-93FB8F0DE609}.Release with FxCop|ARM.Build.0 = Release|Any CPU
		{CFA11EC8-34BC-4D4C-B484-93FB8F0DE609}.Release with FxCop|x64.ActiveCfg = Release|x64
		{CFA11EC8-34BC-4D4C-B484-93FB8F0DE609}.Release with FxCop|x64.Build.0 = Release|x64
		{CFA11EC8-34BC-4D4C-B484-93FB8F0DE609}.Release with FxCop|x86.ActiveCfg = Release|x86
		{CFA11EC8-34BC-4D4C-B484-93FB8F0DE609}.Release with FxCop|x86.Build.0 = Release|x86
		{CFA11EC8-34BC-4D4C-B484-93FB8F0DE609}.Release|Any CPU.ActiveCfg = Release|Any CPU
		{CFA11EC8-34BC-4D4C-B484-93FB8F0DE609}.Release|Any CPU.Build.0 = Release|Any CPU
		{CFA11EC8-34BC-4D4C-B484-93FB8F0DE609}.Release|ARM.ActiveCfg = Release|Any CPU
		{CFA11EC8-34BC-4D4C-B484-93FB8F0DE609}.Release|ARM.Build.0 = Release|Any CPU
		{CFA11EC8-34BC-4D4C-B484-93FB8F0DE609}.Release|x64.ActiveCfg = Release|x64
		{CFA11EC8-34BC-4D4C-B484-93FB8F0DE609}.Release|x64.Build.0 = Release|x64
		{CFA11EC8-34BC-4D4C-B484-93FB8F0DE609}.Release|x86.ActiveCfg = Release|x86
		{CFA11EC8-34BC-4D4C-B484-93FB8F0DE609}.Release|x86.Build.0 = Release|x86
		{CFA11EC8-34BC-4D4C-B484-93FB8F0DE609}.ReleaseXBAP|Any CPU.ActiveCfg = Release|Any CPU
		{CFA11EC8-34BC-4D4C-B484-93FB8F0DE609}.ReleaseXBAP|Any CPU.Build.0 = Release|Any CPU
		{CFA11EC8-34BC-4D4C-B484-93FB8F0DE609}.ReleaseXBAP|ARM.ActiveCfg = Release|Any CPU
		{CFA11EC8-34BC-4D4C-B484-93FB8F0DE609}.ReleaseXBAP|ARM.Build.0 = Release|Any CPU
		{CFA11EC8-34BC-4D4C-B484-93FB8F0DE609}.ReleaseXBAP|x64.ActiveCfg = Release|x64
		{CFA11EC8-34BC-4D4C-B484-93FB8F0DE609}.ReleaseXBAP|x64.Build.0 = Release|x64
		{CFA11EC8-34BC-4D4C-B484-93FB8F0DE609}.ReleaseXBAP|x86.ActiveCfg = Release|x86
		{CFA11EC8-34BC-4D4C-B484-93FB8F0DE609}.ReleaseXBAP|x86.Build.0 = Release|x86
		{CFA11EC8-34BC-4D4C-B484-93FB8F0DE609}.UwpDebug|Any CPU.ActiveCfg = Debug|Any CPU
		{CFA11EC8-34BC-4D4C-B484-93FB8F0DE609}.UwpDebug|Any CPU.Build.0 = Debug|Any CPU
		{CFA11EC8-34BC-4D4C-B484-93FB8F0DE609}.UwpDebug|ARM.ActiveCfg = Debug|Any CPU
		{CFA11EC8-34BC-4D4C-B484-93FB8F0DE609}.UwpDebug|ARM.Build.0 = Debug|Any CPU
		{CFA11EC8-34BC-4D4C-B484-93FB8F0DE609}.UwpDebug|x64.ActiveCfg = Debug|x64
		{CFA11EC8-34BC-4D4C-B484-93FB8F0DE609}.UwpDebug|x64.Build.0 = Debug|x64
		{CFA11EC8-34BC-4D4C-B484-93FB8F0DE609}.UwpDebug|x86.ActiveCfg = Debug|x86
		{CFA11EC8-34BC-4D4C-B484-93FB8F0DE609}.UwpDebug|x86.Build.0 = Debug|x86
		{CFA11EC8-34BC-4D4C-B484-93FB8F0DE609}.UwpRelease|Any CPU.ActiveCfg = Release|Any CPU
		{CFA11EC8-34BC-4D4C-B484-93FB8F0DE609}.UwpRelease|Any CPU.Build.0 = Release|Any CPU
		{CFA11EC8-34BC-4D4C-B484-93FB8F0DE609}.UwpRelease|ARM.ActiveCfg = Release|Any CPU
		{CFA11EC8-34BC-4D4C-B484-93FB8F0DE609}.UwpRelease|ARM.Build.0 = Release|Any CPU
		{CFA11EC8-34BC-4D4C-B484-93FB8F0DE609}.UwpRelease|x64.ActiveCfg = Release|x64
		{CFA11EC8-34BC-4D4C-B484-93FB8F0DE609}.UwpRelease|x64.Build.0 = Release|x64
		{CFA11EC8-34BC-4D4C-B484-93FB8F0DE609}.UwpRelease|x86.ActiveCfg = Release|x86
		{CFA11EC8-34BC-4D4C-B484-93FB8F0DE609}.UwpRelease|x86.Build.0 = Release|x86
		{ECD37682-DF7E-409F-912D-0965634556B5}.Debug with FxCop|Any CPU.ActiveCfg = Debug|Any CPU
		{ECD37682-DF7E-409F-912D-0965634556B5}.Debug with FxCop|Any CPU.Build.0 = Debug|Any CPU
		{ECD37682-DF7E-409F-912D-0965634556B5}.Debug with FxCop|ARM.ActiveCfg = Debug|Any CPU
		{ECD37682-DF7E-409F-912D-0965634556B5}.Debug with FxCop|ARM.Build.0 = Debug|Any CPU
		{ECD37682-DF7E-409F-912D-0965634556B5}.Debug with FxCop|x64.ActiveCfg = Debug|x64
		{ECD37682-DF7E-409F-912D-0965634556B5}.Debug with FxCop|x64.Build.0 = Debug|x64
		{ECD37682-DF7E-409F-912D-0965634556B5}.Debug with FxCop|x86.ActiveCfg = Debug|x86
		{ECD37682-DF7E-409F-912D-0965634556B5}.Debug with FxCop|x86.Build.0 = Debug|x86
		{ECD37682-DF7E-409F-912D-0965634556B5}.Debug|Any CPU.ActiveCfg = Debug|Any CPU
		{ECD37682-DF7E-409F-912D-0965634556B5}.Debug|Any CPU.Build.0 = Debug|Any CPU
		{ECD37682-DF7E-409F-912D-0965634556B5}.Debug|ARM.ActiveCfg = Debug|Any CPU
		{ECD37682-DF7E-409F-912D-0965634556B5}.Debug|ARM.Build.0 = Debug|Any CPU
		{ECD37682-DF7E-409F-912D-0965634556B5}.Debug|x64.ActiveCfg = Debug|x64
		{ECD37682-DF7E-409F-912D-0965634556B5}.Debug|x64.Build.0 = Debug|x64
		{ECD37682-DF7E-409F-912D-0965634556B5}.Debug|x86.ActiveCfg = Debug|x86
		{ECD37682-DF7E-409F-912D-0965634556B5}.Debug|x86.Build.0 = Debug|x86
		{ECD37682-DF7E-409F-912D-0965634556B5}.EnergidDebug|Any CPU.ActiveCfg = Debug|Any CPU
		{ECD37682-DF7E-409F-912D-0965634556B5}.EnergidDebug|Any CPU.Build.0 = Debug|Any CPU
		{ECD37682-DF7E-409F-912D-0965634556B5}.EnergidDebug|ARM.ActiveCfg = Debug|Any CPU
		{ECD37682-DF7E-409F-912D-0965634556B5}.EnergidDebug|ARM.Build.0 = Debug|Any CPU
		{ECD37682-DF7E-409F-912D-0965634556B5}.EnergidDebug|x64.ActiveCfg = Debug|x64
		{ECD37682-DF7E-409F-912D-0965634556B5}.EnergidDebug|x64.Build.0 = Debug|x64
		{ECD37682-DF7E-409F-912D-0965634556B5}.EnergidDebug|x86.ActiveCfg = Debug|x86
		{ECD37682-DF7E-409F-912D-0965634556B5}.EnergidDebug|x86.Build.0 = Debug|x86
		{ECD37682-DF7E-409F-912D-0965634556B5}.EnergidDebugButRelease|Any CPU.ActiveCfg = Release|Any CPU
		{ECD37682-DF7E-409F-912D-0965634556B5}.EnergidDebugButRelease|Any CPU.Build.0 = Release|Any CPU
		{ECD37682-DF7E-409F-912D-0965634556B5}.EnergidDebugButRelease|ARM.ActiveCfg = Release|Any CPU
		{ECD37682-DF7E-409F-912D-0965634556B5}.EnergidDebugButRelease|ARM.Build.0 = Release|Any CPU
		{ECD37682-DF7E-409F-912D-0965634556B5}.EnergidDebugButRelease|x64.ActiveCfg = Release|x64
		{ECD37682-DF7E-409F-912D-0965634556B5}.EnergidDebugButRelease|x64.Build.0 = Release|x64
		{ECD37682-DF7E-409F-912D-0965634556B5}.EnergidDebugButRelease|x86.ActiveCfg = Release|x86
		{ECD37682-DF7E-409F-912D-0965634556B5}.EnergidDebugButRelease|x86.Build.0 = Release|x86
		{ECD37682-DF7E-409F-912D-0965634556B5}.EnergidRelease|Any CPU.ActiveCfg = Release|Any CPU
		{ECD37682-DF7E-409F-912D-0965634556B5}.EnergidRelease|Any CPU.Build.0 = Release|Any CPU
		{ECD37682-DF7E-409F-912D-0965634556B5}.EnergidRelease|ARM.ActiveCfg = Release|Any CPU
		{ECD37682-DF7E-409F-912D-0965634556B5}.EnergidRelease|ARM.Build.0 = Release|Any CPU
		{ECD37682-DF7E-409F-912D-0965634556B5}.EnergidRelease|x64.ActiveCfg = Release|x64
		{ECD37682-DF7E-409F-912D-0965634556B5}.EnergidRelease|x64.Build.0 = Release|x64
		{ECD37682-DF7E-409F-912D-0965634556B5}.EnergidRelease|x86.ActiveCfg = Release|x86
		{ECD37682-DF7E-409F-912D-0965634556B5}.EnergidRelease|x86.Build.0 = Release|x86
		{ECD37682-DF7E-409F-912D-0965634556B5}.Release with FxCop|Any CPU.ActiveCfg = ReleaseXBAP|Any CPU
		{ECD37682-DF7E-409F-912D-0965634556B5}.Release with FxCop|Any CPU.Build.0 = ReleaseXBAP|Any CPU
		{ECD37682-DF7E-409F-912D-0965634556B5}.Release with FxCop|ARM.ActiveCfg = Release|Any CPU
		{ECD37682-DF7E-409F-912D-0965634556B5}.Release with FxCop|ARM.Build.0 = Release|Any CPU
		{ECD37682-DF7E-409F-912D-0965634556B5}.Release with FxCop|x64.ActiveCfg = ReleaseXBAP|x64
		{ECD37682-DF7E-409F-912D-0965634556B5}.Release with FxCop|x64.Build.0 = ReleaseXBAP|x64
		{ECD37682-DF7E-409F-912D-0965634556B5}.Release with FxCop|x86.ActiveCfg = ReleaseXBAP|x86
		{ECD37682-DF7E-409F-912D-0965634556B5}.Release with FxCop|x86.Build.0 = ReleaseXBAP|x86
		{ECD37682-DF7E-409F-912D-0965634556B5}.Release|Any CPU.ActiveCfg = Release|Any CPU
		{ECD37682-DF7E-409F-912D-0965634556B5}.Release|Any CPU.Build.0 = Release|Any CPU
		{ECD37682-DF7E-409F-912D-0965634556B5}.Release|ARM.ActiveCfg = Release|Any CPU
		{ECD37682-DF7E-409F-912D-0965634556B5}.Release|ARM.Build.0 = Release|Any CPU
		{ECD37682-DF7E-409F-912D-0965634556B5}.Release|x64.ActiveCfg = Release|x64
		{ECD37682-DF7E-409F-912D-0965634556B5}.Release|x64.Build.0 = Release|x64
		{ECD37682-DF7E-409F-912D-0965634556B5}.Release|x86.ActiveCfg = Release|x86
		{ECD37682-DF7E-409F-912D-0965634556B5}.Release|x86.Build.0 = Release|x86
		{ECD37682-DF7E-409F-912D-0965634556B5}.ReleaseXBAP|Any CPU.ActiveCfg = ReleaseXBAP|Any CPU
		{ECD37682-DF7E-409F-912D-0965634556B5}.ReleaseXBAP|Any CPU.Build.0 = ReleaseXBAP|Any CPU
		{ECD37682-DF7E-409F-912D-0965634556B5}.ReleaseXBAP|ARM.ActiveCfg = ReleaseXBAP|Any CPU
		{ECD37682-DF7E-409F-912D-0965634556B5}.ReleaseXBAP|ARM.Build.0 = ReleaseXBAP|Any CPU
		{ECD37682-DF7E-409F-912D-0965634556B5}.ReleaseXBAP|x64.ActiveCfg = ReleaseXBAP|x64
		{ECD37682-DF7E-409F-912D-0965634556B5}.ReleaseXBAP|x64.Build.0 = ReleaseXBAP|x64
		{ECD37682-DF7E-409F-912D-0965634556B5}.ReleaseXBAP|x86.ActiveCfg = ReleaseXBAP|x86
		{ECD37682-DF7E-409F-912D-0965634556B5}.ReleaseXBAP|x86.Build.0 = ReleaseXBAP|x86
		{ECD37682-DF7E-409F-912D-0965634556B5}.UwpDebug|Any CPU.ActiveCfg = Debug|Any CPU
		{ECD37682-DF7E-409F-912D-0965634556B5}.UwpDebug|Any CPU.Build.0 = Debug|Any CPU
		{ECD37682-DF7E-409F-912D-0965634556B5}.UwpDebug|ARM.ActiveCfg = Debug|Any CPU
		{ECD37682-DF7E-409F-912D-0965634556B5}.UwpDebug|ARM.Build.0 = Debug|Any CPU
		{ECD37682-DF7E-409F-912D-0965634556B5}.UwpDebug|x64.ActiveCfg = Debug|x64
		{ECD37682-DF7E-409F-912D-0965634556B5}.UwpDebug|x64.Build.0 = Debug|x64
		{ECD37682-DF7E-409F-912D-0965634556B5}.UwpDebug|x86.ActiveCfg = Debug|x86
		{ECD37682-DF7E-409F-912D-0965634556B5}.UwpDebug|x86.Build.0 = Debug|x86
		{ECD37682-DF7E-409F-912D-0965634556B5}.UwpRelease|Any CPU.ActiveCfg = Release|Any CPU
		{ECD37682-DF7E-409F-912D-0965634556B5}.UwpRelease|Any CPU.Build.0 = Release|Any CPU
		{ECD37682-DF7E-409F-912D-0965634556B5}.UwpRelease|ARM.ActiveCfg = Release|Any CPU
		{ECD37682-DF7E-409F-912D-0965634556B5}.UwpRelease|ARM.Build.0 = Release|Any CPU
		{ECD37682-DF7E-409F-912D-0965634556B5}.UwpRelease|x64.ActiveCfg = Release|x64
		{ECD37682-DF7E-409F-912D-0965634556B5}.UwpRelease|x64.Build.0 = Release|x64
		{ECD37682-DF7E-409F-912D-0965634556B5}.UwpRelease|x86.ActiveCfg = Release|x86
		{ECD37682-DF7E-409F-912D-0965634556B5}.UwpRelease|x86.Build.0 = Release|x86
		{446B1E21-65A1-4F56-AA2C-D2E24058B2B8}.Debug with FxCop|Any CPU.ActiveCfg = Debug with FxCop|Win32
		{446B1E21-65A1-4F56-AA2C-D2E24058B2B8}.Debug with FxCop|ARM.ActiveCfg = Debug with FxCop|Win32
		{446B1E21-65A1-4F56-AA2C-D2E24058B2B8}.Debug with FxCop|x64.ActiveCfg = Debug with FxCop|x64
		{446B1E21-65A1-4F56-AA2C-D2E24058B2B8}.Debug with FxCop|x64.Build.0 = Debug with FxCop|x64
		{446B1E21-65A1-4F56-AA2C-D2E24058B2B8}.Debug with FxCop|x86.ActiveCfg = Debug with FxCop|Win32
		{446B1E21-65A1-4F56-AA2C-D2E24058B2B8}.Debug with FxCop|x86.Build.0 = Debug with FxCop|Win32
		{446B1E21-65A1-4F56-AA2C-D2E24058B2B8}.Debug|Any CPU.ActiveCfg = Debug|Win32
		{446B1E21-65A1-4F56-AA2C-D2E24058B2B8}.Debug|ARM.ActiveCfg = Debug|Win32
		{446B1E21-65A1-4F56-AA2C-D2E24058B2B8}.Debug|x64.ActiveCfg = Debug|x64
		{446B1E21-65A1-4F56-AA2C-D2E24058B2B8}.Debug|x64.Build.0 = Debug|x64
		{446B1E21-65A1-4F56-AA2C-D2E24058B2B8}.Debug|x86.ActiveCfg = Debug|Win32
		{446B1E21-65A1-4F56-AA2C-D2E24058B2B8}.Debug|x86.Build.0 = Debug|Win32
		{446B1E21-65A1-4F56-AA2C-D2E24058B2B8}.EnergidDebug|Any CPU.ActiveCfg = Release|x64
		{446B1E21-65A1-4F56-AA2C-D2E24058B2B8}.EnergidDebug|Any CPU.Build.0 = Release|x64
		{446B1E21-65A1-4F56-AA2C-D2E24058B2B8}.EnergidDebug|ARM.ActiveCfg = Release|x64
		{446B1E21-65A1-4F56-AA2C-D2E24058B2B8}.EnergidDebug|ARM.Build.0 = Release|x64
		{446B1E21-65A1-4F56-AA2C-D2E24058B2B8}.EnergidDebug|x64.ActiveCfg = Debug|x64
		{446B1E21-65A1-4F56-AA2C-D2E24058B2B8}.EnergidDebug|x64.Build.0 = Debug|x64
		{446B1E21-65A1-4F56-AA2C-D2E24058B2B8}.EnergidDebug|x86.ActiveCfg = Debug|Win32
		{446B1E21-65A1-4F56-AA2C-D2E24058B2B8}.EnergidDebug|x86.Build.0 = Debug|Win32
		{446B1E21-65A1-4F56-AA2C-D2E24058B2B8}.EnergidDebugButRelease|Any CPU.ActiveCfg = Release|x64
		{446B1E21-65A1-4F56-AA2C-D2E24058B2B8}.EnergidDebugButRelease|Any CPU.Build.0 = Release|x64
		{446B1E21-65A1-4F56-AA2C-D2E24058B2B8}.EnergidDebugButRelease|ARM.ActiveCfg = Release|x64
		{446B1E21-65A1-4F56-AA2C-D2E24058B2B8}.EnergidDebugButRelease|ARM.Build.0 = Release|x64
		{446B1E21-65A1-4F56-AA2C-D2E24058B2B8}.EnergidDebugButRelease|x64.ActiveCfg = Release|x64
		{446B1E21-65A1-4F56-AA2C-D2E24058B2B8}.EnergidDebugButRelease|x64.Build.0 = Release|x64
		{446B1E21-65A1-4F56-AA2C-D2E24058B2B8}.EnergidDebugButRelease|x86.ActiveCfg = Release|Win32
		{446B1E21-65A1-4F56-AA2C-D2E24058B2B8}.EnergidDebugButRelease|x86.Build.0 = Release|Win32
		{446B1E21-65A1-4F56-AA2C-D2E24058B2B8}.EnergidRelease|Any CPU.ActiveCfg = Release|x64
		{446B1E21-65A1-4F56-AA2C-D2E24058B2B8}.EnergidRelease|Any CPU.Build.0 = Release|x64
		{446B1E21-65A1-4F56-AA2C-D2E24058B2B8}.EnergidRelease|ARM.ActiveCfg = Release|x64
		{446B1E21-65A1-4F56-AA2C-D2E24058B2B8}.EnergidRelease|ARM.Build.0 = Release|x64
		{446B1E21-65A1-4F56-AA2C-D2E24058B2B8}.EnergidRelease|x64.ActiveCfg = Release|x64
		{446B1E21-65A1-4F56-AA2C-D2E24058B2B8}.EnergidRelease|x64.Build.0 = Release|x64
		{446B1E21-65A1-4F56-AA2C-D2E24058B2B8}.EnergidRelease|x86.ActiveCfg = Release|Win32
		{446B1E21-65A1-4F56-AA2C-D2E24058B2B8}.EnergidRelease|x86.Build.0 = Release|Win32
		{446B1E21-65A1-4F56-AA2C-D2E24058B2B8}.Release with FxCop|Any CPU.ActiveCfg = Release with FxCop|Win32
		{446B1E21-65A1-4F56-AA2C-D2E24058B2B8}.Release with FxCop|ARM.ActiveCfg = Release with FxCop|Win32
		{446B1E21-65A1-4F56-AA2C-D2E24058B2B8}.Release with FxCop|x64.ActiveCfg = Release with FxCop|x64
		{446B1E21-65A1-4F56-AA2C-D2E24058B2B8}.Release with FxCop|x64.Build.0 = Release with FxCop|x64
		{446B1E21-65A1-4F56-AA2C-D2E24058B2B8}.Release with FxCop|x86.ActiveCfg = Release with FxCop|Win32
		{446B1E21-65A1-4F56-AA2C-D2E24058B2B8}.Release with FxCop|x86.Build.0 = Release with FxCop|Win32
		{446B1E21-65A1-4F56-AA2C-D2E24058B2B8}.Release|Any CPU.ActiveCfg = Release|Win32
		{446B1E21-65A1-4F56-AA2C-D2E24058B2B8}.Release|ARM.ActiveCfg = Release|Win32
		{446B1E21-65A1-4F56-AA2C-D2E24058B2B8}.Release|x64.ActiveCfg = Release|x64
		{446B1E21-65A1-4F56-AA2C-D2E24058B2B8}.Release|x64.Build.0 = Release|x64
		{446B1E21-65A1-4F56-AA2C-D2E24058B2B8}.Release|x86.ActiveCfg = Release|Win32
		{446B1E21-65A1-4F56-AA2C-D2E24058B2B8}.Release|x86.Build.0 = Release|Win32
		{446B1E21-65A1-4F56-AA2C-D2E24058B2B8}.ReleaseXBAP|Any CPU.ActiveCfg = Release|x64
		{446B1E21-65A1-4F56-AA2C-D2E24058B2B8}.ReleaseXBAP|Any CPU.Build.0 = Release|x64
		{446B1E21-65A1-4F56-AA2C-D2E24058B2B8}.ReleaseXBAP|ARM.ActiveCfg = Release|x64
		{446B1E21-65A1-4F56-AA2C-D2E24058B2B8}.ReleaseXBAP|ARM.Build.0 = Release|x64
		{446B1E21-65A1-4F56-AA2C-D2E24058B2B8}.ReleaseXBAP|x64.ActiveCfg = Release|x64
		{446B1E21-65A1-4F56-AA2C-D2E24058B2B8}.ReleaseXBAP|x64.Build.0 = Release|x64
		{446B1E21-65A1-4F56-AA2C-D2E24058B2B8}.ReleaseXBAP|x86.ActiveCfg = Release|Win32
		{446B1E21-65A1-4F56-AA2C-D2E24058B2B8}.ReleaseXBAP|x86.Build.0 = Release|Win32
		{446B1E21-65A1-4F56-AA2C-D2E24058B2B8}.UwpDebug|Any CPU.ActiveCfg = Release|x64
		{446B1E21-65A1-4F56-AA2C-D2E24058B2B8}.UwpDebug|Any CPU.Build.0 = Release|x64
		{446B1E21-65A1-4F56-AA2C-D2E24058B2B8}.UwpDebug|ARM.ActiveCfg = Release|x64
		{446B1E21-65A1-4F56-AA2C-D2E24058B2B8}.UwpDebug|ARM.Build.0 = Release|x64
		{446B1E21-65A1-4F56-AA2C-D2E24058B2B8}.UwpDebug|x64.ActiveCfg = Debug|x64
		{446B1E21-65A1-4F56-AA2C-D2E24058B2B8}.UwpDebug|x64.Build.0 = Debug|x64
		{446B1E21-65A1-4F56-AA2C-D2E24058B2B8}.UwpDebug|x86.ActiveCfg = Debug|Win32
		{446B1E21-65A1-4F56-AA2C-D2E24058B2B8}.UwpDebug|x86.Build.0 = Debug|Win32
		{446B1E21-65A1-4F56-AA2C-D2E24058B2B8}.UwpRelease|Any CPU.ActiveCfg = Release|x64
		{446B1E21-65A1-4F56-AA2C-D2E24058B2B8}.UwpRelease|Any CPU.Build.0 = Release|x64
		{446B1E21-65A1-4F56-AA2C-D2E24058B2B8}.UwpRelease|ARM.ActiveCfg = Release|x64
		{446B1E21-65A1-4F56-AA2C-D2E24058B2B8}.UwpRelease|ARM.Build.0 = Release|x64
		{446B1E21-65A1-4F56-AA2C-D2E24058B2B8}.UwpRelease|x64.ActiveCfg = Release|x64
		{446B1E21-65A1-4F56-AA2C-D2E24058B2B8}.UwpRelease|x64.Build.0 = Release|x64
		{446B1E21-65A1-4F56-AA2C-D2E24058B2B8}.UwpRelease|x86.ActiveCfg = Release|Win32
		{446B1E21-65A1-4F56-AA2C-D2E24058B2B8}.UwpRelease|x86.Build.0 = Release|Win32
		{C10E7AA0-71BE-4993-9D6A-B7CA1AE954AE}.Debug with FxCop|Any CPU.ActiveCfg = Release|x64
		{C10E7AA0-71BE-4993-9D6A-B7CA1AE954AE}.Debug with FxCop|Any CPU.Build.0 = Release|x64
		{C10E7AA0-71BE-4993-9D6A-B7CA1AE954AE}.Debug with FxCop|ARM.ActiveCfg = Release|Win32
		{C10E7AA0-71BE-4993-9D6A-B7CA1AE954AE}.Debug with FxCop|ARM.Build.0 = Release|Win32
		{C10E7AA0-71BE-4993-9D6A-B7CA1AE954AE}.Debug with FxCop|x64.ActiveCfg = Debug|x64
		{C10E7AA0-71BE-4993-9D6A-B7CA1AE954AE}.Debug with FxCop|x64.Build.0 = Debug|x64
		{C10E7AA0-71BE-4993-9D6A-B7CA1AE954AE}.Debug with FxCop|x86.ActiveCfg = Debug|Win32
		{C10E7AA0-71BE-4993-9D6A-B7CA1AE954AE}.Debug with FxCop|x86.Build.0 = Debug|Win32
		{C10E7AA0-71BE-4993-9D6A-B7CA1AE954AE}.Debug|Any CPU.ActiveCfg = Debug|Win32
		{C10E7AA0-71BE-4993-9D6A-B7CA1AE954AE}.Debug|ARM.ActiveCfg = Debug|Win32
		{C10E7AA0-71BE-4993-9D6A-B7CA1AE954AE}.Debug|x64.ActiveCfg = Debug|x64
		{C10E7AA0-71BE-4993-9D6A-B7CA1AE954AE}.Debug|x64.Build.0 = Debug|x64
		{C10E7AA0-71BE-4993-9D6A-B7CA1AE954AE}.Debug|x86.ActiveCfg = Debug|Win32
		{C10E7AA0-71BE-4993-9D6A-B7CA1AE954AE}.Debug|x86.Build.0 = Debug|Win32
		{C10E7AA0-71BE-4993-9D6A-B7CA1AE954AE}.EnergidDebug|Any CPU.ActiveCfg = Release|Win32
		{C10E7AA0-71BE-4993-9D6A-B7CA1AE954AE}.EnergidDebug|Any CPU.Build.0 = Release|Win32
		{C10E7AA0-71BE-4993-9D6A-B7CA1AE954AE}.EnergidDebug|ARM.ActiveCfg = Release|Win32
		{C10E7AA0-71BE-4993-9D6A-B7CA1AE954AE}.EnergidDebug|ARM.Build.0 = Release|Win32
		{C10E7AA0-71BE-4993-9D6A-B7CA1AE954AE}.EnergidDebug|x64.ActiveCfg = Debug|x64
		{C10E7AA0-71BE-4993-9D6A-B7CA1AE954AE}.EnergidDebug|x64.Build.0 = Debug|x64
		{C10E7AA0-71BE-4993-9D6A-B7CA1AE954AE}.EnergidDebug|x86.ActiveCfg = Debug|Win32
		{C10E7AA0-71BE-4993-9D6A-B7CA1AE954AE}.EnergidDebug|x86.Build.0 = Debug|Win32
		{C10E7AA0-71BE-4993-9D6A-B7CA1AE954AE}.EnergidDebugButRelease|Any CPU.ActiveCfg = Release|Win32
		{C10E7AA0-71BE-4993-9D6A-B7CA1AE954AE}.EnergidDebugButRelease|Any CPU.Build.0 = Release|Win32
		{C10E7AA0-71BE-4993-9D6A-B7CA1AE954AE}.EnergidDebugButRelease|ARM.ActiveCfg = Release|Win32
		{C10E7AA0-71BE-4993-9D6A-B7CA1AE954AE}.EnergidDebugButRelease|ARM.Build.0 = Release|Win32
		{C10E7AA0-71BE-4993-9D6A-B7CA1AE954AE}.EnergidDebugButRelease|x64.ActiveCfg = Release|x64
		{C10E7AA0-71BE-4993-9D6A-B7CA1AE954AE}.EnergidDebugButRelease|x64.Build.0 = Release|x64
		{C10E7AA0-71BE-4993-9D6A-B7CA1AE954AE}.EnergidDebugButRelease|x86.ActiveCfg = Release|Win32
		{C10E7AA0-71BE-4993-9D6A-B7CA1AE954AE}.EnergidDebugButRelease|x86.Build.0 = Release|Win32
		{C10E7AA0-71BE-4993-9D6A-B7CA1AE954AE}.EnergidRelease|Any CPU.ActiveCfg = Release|Win32
		{C10E7AA0-71BE-4993-9D6A-B7CA1AE954AE}.EnergidRelease|Any CPU.Build.0 = Release|Win32
		{C10E7AA0-71BE-4993-9D6A-B7CA1AE954AE}.EnergidRelease|ARM.ActiveCfg = Release|Win32
		{C10E7AA0-71BE-4993-9D6A-B7CA1AE954AE}.EnergidRelease|ARM.Build.0 = Release|Win32
		{C10E7AA0-71BE-4993-9D6A-B7CA1AE954AE}.EnergidRelease|x64.ActiveCfg = Release|x64
		{C10E7AA0-71BE-4993-9D6A-B7CA1AE954AE}.EnergidRelease|x64.Build.0 = Release|x64
		{C10E7AA0-71BE-4993-9D6A-B7CA1AE954AE}.EnergidRelease|x86.ActiveCfg = Release|Win32
		{C10E7AA0-71BE-4993-9D6A-B7CA1AE954AE}.EnergidRelease|x86.Build.0 = Release|Win32
		{C10E7AA0-71BE-4993-9D6A-B7CA1AE954AE}.Release with FxCop|Any CPU.ActiveCfg = Release|x64
		{C10E7AA0-71BE-4993-9D6A-B7CA1AE954AE}.Release with FxCop|Any CPU.Build.0 = Release|x64
		{C10E7AA0-71BE-4993-9D6A-B7CA1AE954AE}.Release with FxCop|ARM.ActiveCfg = Release|Win32
		{C10E7AA0-71BE-4993-9D6A-B7CA1AE954AE}.Release with FxCop|ARM.Build.0 = Release|Win32
		{C10E7AA0-71BE-4993-9D6A-B7CA1AE954AE}.Release with FxCop|x64.ActiveCfg = Release|x64
		{C10E7AA0-71BE-4993-9D6A-B7CA1AE954AE}.Release with FxCop|x64.Build.0 = Release|x64
		{C10E7AA0-71BE-4993-9D6A-B7CA1AE954AE}.Release with FxCop|x86.ActiveCfg = Release|Win32
		{C10E7AA0-71BE-4993-9D6A-B7CA1AE954AE}.Release with FxCop|x86.Build.0 = Release|Win32
		{C10E7AA0-71BE-4993-9D6A-B7CA1AE954AE}.Release|Any CPU.ActiveCfg = Release|Win32
		{C10E7AA0-71BE-4993-9D6A-B7CA1AE954AE}.Release|ARM.ActiveCfg = Release|Win32
		{C10E7AA0-71BE-4993-9D6A-B7CA1AE954AE}.Release|x64.ActiveCfg = Release|x64
		{C10E7AA0-71BE-4993-9D6A-B7CA1AE954AE}.Release|x64.Build.0 = Release|x64
		{C10E7AA0-71BE-4993-9D6A-B7CA1AE954AE}.Release|x86.ActiveCfg = Release|Win32
		{C10E7AA0-71BE-4993-9D6A-B7CA1AE954AE}.Release|x86.Build.0 = Release|Win32
		{C10E7AA0-71BE-4993-9D6A-B7CA1AE954AE}.ReleaseXBAP|Any CPU.ActiveCfg = Release|x64
		{C10E7AA0-71BE-4993-9D6A-B7CA1AE954AE}.ReleaseXBAP|Any CPU.Build.0 = Release|x64
		{C10E7AA0-71BE-4993-9D6A-B7CA1AE954AE}.ReleaseXBAP|ARM.ActiveCfg = Release|Win32
		{C10E7AA0-71BE-4993-9D6A-B7CA1AE954AE}.ReleaseXBAP|ARM.Build.0 = Release|Win32
		{C10E7AA0-71BE-4993-9D6A-B7CA1AE954AE}.ReleaseXBAP|x64.ActiveCfg = Release|x64
		{C10E7AA0-71BE-4993-9D6A-B7CA1AE954AE}.ReleaseXBAP|x64.Build.0 = Release|x64
		{C10E7AA0-71BE-4993-9D6A-B7CA1AE954AE}.ReleaseXBAP|x86.ActiveCfg = Release|Win32
		{C10E7AA0-71BE-4993-9D6A-B7CA1AE954AE}.ReleaseXBAP|x86.Build.0 = Release|Win32
		{C10E7AA0-71BE-4993-9D6A-B7CA1AE954AE}.UwpDebug|Any CPU.ActiveCfg = Release|Win32
		{C10E7AA0-71BE-4993-9D6A-B7CA1AE954AE}.UwpDebug|Any CPU.Build.0 = Release|Win32
		{C10E7AA0-71BE-4993-9D6A-B7CA1AE954AE}.UwpDebug|ARM.ActiveCfg = Release|Win32
		{C10E7AA0-71BE-4993-9D6A-B7CA1AE954AE}.UwpDebug|ARM.Build.0 = Release|Win32
		{C10E7AA0-71BE-4993-9D6A-B7CA1AE954AE}.UwpDebug|x64.ActiveCfg = Debug|x64
		{C10E7AA0-71BE-4993-9D6A-B7CA1AE954AE}.UwpDebug|x64.Build.0 = Debug|x64
		{C10E7AA0-71BE-4993-9D6A-B7CA1AE954AE}.UwpDebug|x86.ActiveCfg = Debug|Win32
		{C10E7AA0-71BE-4993-9D6A-B7CA1AE954AE}.UwpDebug|x86.Build.0 = Debug|Win32
		{C10E7AA0-71BE-4993-9D6A-B7CA1AE954AE}.UwpRelease|Any CPU.ActiveCfg = Release|Win32
		{C10E7AA0-71BE-4993-9D6A-B7CA1AE954AE}.UwpRelease|Any CPU.Build.0 = Release|Win32
		{C10E7AA0-71BE-4993-9D6A-B7CA1AE954AE}.UwpRelease|ARM.ActiveCfg = Release|Win32
		{C10E7AA0-71BE-4993-9D6A-B7CA1AE954AE}.UwpRelease|ARM.Build.0 = Release|Win32
		{C10E7AA0-71BE-4993-9D6A-B7CA1AE954AE}.UwpRelease|x64.ActiveCfg = Release|x64
		{C10E7AA0-71BE-4993-9D6A-B7CA1AE954AE}.UwpRelease|x64.Build.0 = Release|x64
		{C10E7AA0-71BE-4993-9D6A-B7CA1AE954AE}.UwpRelease|x86.ActiveCfg = Release|Win32
		{C10E7AA0-71BE-4993-9D6A-B7CA1AE954AE}.UwpRelease|x86.Build.0 = Release|Win32
	EndGlobalSection
	GlobalSection(SolutionProperties) = preSolution
		HideSolutionNode = FALSE
	EndGlobalSection
	GlobalSection(ExtensibilityGlobals) = postSolution
		SolutionGuid = {40E3EA43-8AC2-45A4-B303-121CA3DB8323}
	EndGlobalSection
EndGlobal
