<?xml version="1.0" encoding="utf-8"?>
<Project ToolsVersion="4.0" xmlns="http://schemas.microsoft.com/developer/msbuild/2003">
  <ItemGroup>
    <Filter Include="Source Files">
      <UniqueIdentifier>{4FC737F1-C7A5-4376-A066-2A32D752A2FF}</UniqueIdentifier>
      <Extensions>cpp;c;cc;cxx;def;odl;idl;hpj;bat;asm;asmx</Extensions>
    </Filter>
    <Filter Include="Header Files">
      <UniqueIdentifier>{93995380-89BD-4b04-88EB-625FBE52EBFB}</UniqueIdentifier>
      <Extensions>h;hh;hpp;hxx;hm;inl;inc;xsd</Extensions>
    </Filter>
    <Filter Include="Resource Files">
      <UniqueIdentifier>{67DA6AB6-F800-4c08-8B7A-83BB121AAD01}</UniqueIdentifier>
      <Extensions>rc;ico;cur;bmp;dlg;rc2;rct;bin;rgs;gif;jpg;jpeg;jpe;resx;tiff;tif;png;wav;mfcribbon-ms</Extensions>
    </Filter>
  </ItemGroup>
  <ItemGroup>
    <ClInclude Include="Bridge.h">
      <Filter>Header Files</Filter>
    </ClInclude>
    <ClInclude Include="Stdafx.h">
      <Filter>Header Files</Filter>
    </ClInclude>
    <ClInclude Include="resource.h">
      <Filter>Header Files</Filter>
    </ClInclude>
    <ClInclude Include="Abf\axon\AxAbfFio32\abffiles.h">
      <Filter>Header Files</Filter>
    </ClInclude>
    <ClInclude Include="Abf\axon\AxAbfFio32\abfheadr.h">
      <Filter>Header Files</Filter>
    </ClInclude>
    <ClInclude Include="Abf\axon\AxAbfFio32\abfoldnx.h">
      <Filter>Header Files</Filter>
    </ClInclude>
    <ClInclude Include="Abf\axon\AxAbfFio32\abfutil.h">
      <Filter>Header Files</Filter>
    </ClInclude>
    <ClInclude Include="Abf\axon\AxAbfFio32\AxAbffio32.h">
      <Filter>Header Files</Filter>
    </ClInclude>
    <ClInclude Include="Abf\axon\AxAbfFio32\csynch.hpp">
      <Filter>Header Files</Filter>
    </ClInclude>
    <ClInclude Include="Abf\axon\AxAbfFio32\filedesc.hpp">
      <Filter>Header Files</Filter>
    </ClInclude>
    <ClInclude Include="Abf\axon\AxAbfFio32\msbincvt.h">
      <Filter>Header Files</Filter>
    </ClInclude>
    <ClInclude Include="Abf\axon\AxAbfFio32\oldheadr.h">
      <Filter>Header Files</Filter>
    </ClInclude>
    <ClInclude Include="Abf\axon\AxAtfFio32\atfintl.h">
      <Filter>Header Files</Filter>
    </ClInclude>
    <ClInclude Include="Abf\axon\AxAtfFio32\atfutil.h">
      <Filter>Header Files</Filter>
    </ClInclude>
    <ClInclude Include="Abf\axon\AxAtfFio32\axatffio32.h">
      <Filter>Header Files</Filter>
    </ClInclude>
    <ClInclude Include="Abf\axon\Common\adcdac.h">
      <Filter>Header Files</Filter>
    </ClInclude>
    <ClInclude Include="Abf\axon\Common\ArrayPtr.hpp">
      <Filter>Header Files</Filter>
    </ClInclude>
    <ClInclude Include="Abf\axon\Common\axodebug.h">
      <Filter>Header Files</Filter>
    </ClInclude>
    <ClInclude Include="Abf\axon\Common\axodefn.h">
      <Filter>Header Files</Filter>
    </ClInclude>
    <ClInclude Include="Abf\axon\Common\colors.h">
      <Filter>Header Files</Filter>
    </ClInclude>
    <ClInclude Include="Abf\axon\Common\FileReadCache.hpp">
      <Filter>Header Files</Filter>
    </ClInclude>
    <ClInclude Include="Abf\axon\Common\resource.h">
      <Filter>Header Files</Filter>
    </ClInclude>
    <ClInclude Include="Abf\axon\Common\unix.h">
      <Filter>Header Files</Filter>
    </ClInclude>
    <ClInclude Include="Abf\axon\Common\wincpp.hpp">
      <Filter>Header Files</Filter>
    </ClInclude>
    <ClInclude Include="Abf\axon2\abf2headr.h">
      <Filter>Header Files</Filter>
    </ClInclude>
    <ClInclude Include="Abf\axon2\ProtocolReaderABF2.hpp">
      <Filter>Header Files</Filter>
    </ClInclude>
    <ClInclude Include="Abf\axon2\ProtocolStructs.h">
      <Filter>Header Files</Filter>
    </ClInclude>
    <ClInclude Include="Abf\axon2\SimpleStringCache.hpp">
      <Filter>Header Files</Filter>
    </ClInclude>
    <ClInclude Include="Abf\abflib.h">
      <Filter>Header Files</Filter>
    </ClInclude>
    <ClInclude Include="channel.h">
      <Filter>Header Files</Filter>
    </ClInclude>
    <ClInclude Include="recording.h">
      <Filter>Header Files</Filter>
    </ClInclude>
    <ClInclude Include="section.h">
      <Filter>Header Files</Filter>
    </ClInclude>
    <ClInclude Include="stfio.h">
      <Filter>Header Files</Filter>
    </ClInclude>
    <ClInclude Include="atf\atflib.h">
      <Filter>Header Files</Filter>
    </ClInclude>
    <ClInclude Include="axg\axglib.h">
      <Filter>Header Files</Filter>
    </ClInclude>
    <ClInclude Include="axg\AxoGraph_ReadWrite.h">
      <Filter>Header Files</Filter>
    </ClInclude>
    <ClInclude Include="axg\byteswap.h">
      <Filter>Header Files</Filter>
    </ClInclude>
    <ClInclude Include="axg\fileUtils.h">
      <Filter>Header Files</Filter>
    </ClInclude>
    <ClInclude Include="axg\longdef.h">
      <Filter>Header Files</Filter>
    </ClInclude>
    <ClInclude Include="axg\stringUtils.h">
      <Filter>Header Files</Filter>
    </ClInclude>
    <ClInclude Include="cfs\cfs.h">
      <Filter>Header Files</Filter>
    </ClInclude>
    <ClInclude Include="cfs\cfslib.h">
      <Filter>Header Files</Filter>
    </ClInclude>
    <ClInclude Include="cfs\machine.h">
      <Filter>Header Files</Filter>
    </ClInclude>
    <ClInclude Include="heka\hekalib.h">
      <Filter>Header Files</Filter>
    </ClInclude>
    <ClInclude Include="igor\CrossPlatformFileIO.h">
      <Filter>Header Files</Filter>
    </ClInclude>
    <ClInclude Include="igor\IgorBin.h">
      <Filter>Header Files</Filter>
    </ClInclude>
    <ClInclude Include="igor\igorlib.h">
      <Filter>Header Files</Filter>
    </ClInclude>
    <ClInclude Include="intan\common.h">
      <Filter>Header Files</Filter>
    </ClInclude>
    <ClInclude Include="intan\intanlib.h">
      <Filter>Header Files</Filter>
    </ClInclude>
    <ClInclude Include="intan\streams.h">
      <Filter>Header Files</Filter>
    </ClInclude>
    <ClInclude Include="Abf\axon\Common\FileIO.h">
      <Filter>Header Files</Filter>
    </ClInclude>
    <ClInclude Include="DataReader.h">
      <Filter>Header Files</Filter>
    </ClInclude>
    <ClInclude Include="RecordingNet.h">
      <Filter>Header Files</Filter>
    </ClInclude>
    <ClInclude Include="igor\WriteWave.h">
      <Filter>Source Files</Filter>
    </ClInclude>
  </ItemGroup>
  <ItemGroup>
    <ClCompile Include="Bridge.cpp">
      <Filter>Source Files</Filter>
    </ClCompile>
    <ClCompile Include="AssemblyInfo.cpp">
      <Filter>Source Files</Filter>
    </ClCompile>
    <ClCompile Include="Stdafx.cpp">
      <Filter>Source Files</Filter>
    </ClCompile>
    <ClCompile Include="Abf\axon\AxAbfFio32\abferror.cpp">
      <Filter>Source Files</Filter>
    </ClCompile>
    <ClCompile Include="Abf\axon\AxAbfFio32\abffiles.cpp">
      <Filter>Source Files</Filter>
    </ClCompile>
    <ClCompile Include="Abf\axon\AxAbfFio32\abfheadr.cpp">
      <Filter>Source Files</Filter>
    </ClCompile>
    <ClCompile Include="Abf\axon\AxAbfFio32\abfhwave.cpp">
      <Filter>Source Files</Filter>
    </ClCompile>
    <ClCompile Include="Abf\axon\AxAbfFio32\abfutil.cpp">
      <Filter>Source Files</Filter>
    </ClCompile>
    <ClCompile Include="Abf\axon\AxAbfFio32\csynch.cpp">
      <Filter>Source Files</Filter>
    </ClCompile>
    <ClCompile Include="Abf\axon\AxAbfFio32\filedesc.cpp">
      <Filter>Source Files</Filter>
    </ClCompile>
    <ClCompile Include="Abf\axon\AxAbfFio32\msbincvt.cpp">
      <Filter>Source Files</Filter>
    </ClCompile>
    <ClCompile Include="Abf\axon\AxAbfFio32\Oldheadr.cpp">
      <Filter>Source Files</Filter>
    </ClCompile>
    <ClCompile Include="Abf\axon\AxAtfFio32\axatffio32.cpp">
      <Filter>Source Files</Filter>
    </ClCompile>
    <ClCompile Include="Abf\axon\AxAtfFio32\fileio2.cpp">
      <Filter>Source Files</Filter>
    </ClCompile>
    <ClCompile Include="Abf\axon\Common\FileIO.cpp">
      <Filter>Source Files</Filter>
    </ClCompile>
    <ClCompile Include="Abf\axon\Common\FileReadCache.cpp">
      <Filter>Source Files</Filter>
    </ClCompile>
    <ClCompile Include="Abf\axon\Common\unix.cpp">
      <Filter>Source Files</Filter>
    </ClCompile>
    <ClCompile Include="Abf\axon2\abf2headr.cpp">
      <Filter>Source Files</Filter>
    </ClCompile>
    <ClCompile Include="Abf\axon2\ProtocolReaderABF2.cpp">
      <Filter>Source Files</Filter>
    </ClCompile>
    <ClCompile Include="Abf\axon2\SimpleStringCache.cpp">
      <Filter>Source Files</Filter>
    </ClCompile>
    <ClCompile Include="Abf\abflib.cpp">
      <Filter>Source Files</Filter>
    </ClCompile>
    <ClCompile Include="channel.cpp">
      <Filter>Source Files</Filter>
    </ClCompile>
    <ClCompile Include="recording.cpp">
      <Filter>Source Files</Filter>
    </ClCompile>
    <ClCompile Include="section.cpp">
      <Filter>Source Files</Filter>
    </ClCompile>
    <ClCompile Include="stfio.cpp">
      <Filter>Source Files</Filter>
    </ClCompile>
    <ClCompile Include="atf\atflib.cpp">
      <Filter>Source Files</Filter>
    </ClCompile>
    <ClCompile Include="axg\axglib.cpp">
      <Filter>Source Files</Filter>
    </ClCompile>
    <ClCompile Include="axg\AxoGraph_ReadWrite.cpp">
      <Filter>Source Files</Filter>
    </ClCompile>
    <ClCompile Include="axg\byteswap.cpp">
      <Filter>Source Files</Filter>
    </ClCompile>
    <ClCompile Include="axg\fileUtils.cpp">
      <Filter>Source Files</Filter>
    </ClCompile>
    <ClCompile Include="axg\stringUtils.cpp">
      <Filter>Source Files</Filter>
    </ClCompile>
    <ClCompile Include="cfs\cfslib.cpp">
      <Filter>Source Files</Filter>
    </ClCompile>
    <ClCompile Include="heka\hekalib.cpp">
      <Filter>Source Files</Filter>
    </ClCompile>
    <ClCompile Include="igor\igorlib.cpp">
      <Filter>Source Files</Filter>
    </ClCompile>
    <ClCompile Include="intan\common.cpp">
      <Filter>Source Files</Filter>
    </ClCompile>
    <ClCompile Include="intan\intanlib.cpp">
      <Filter>Source Files</Filter>
    </ClCompile>
    <ClCompile Include="intan\streams.cpp">
      <Filter>Source Files</Filter>
    </ClCompile>
    <ClCompile Include="cfs\cfs.cpp">
      <Filter>Source Files</Filter>
    </ClCompile>
    <ClCompile Include="igor\CrossPlatformFileIO.cpp">
      <Filter>Source Files</Filter>
    </ClCompile>
    <ClCompile Include="DataReader.cpp">
      <Filter>Source Files</Filter>
    </ClCompile>
  </ItemGroup>
  <ItemGroup>
    <Text Include="ReadMe.txt" />
  </ItemGroup>
  <ItemGroup>
    <ResourceCompile Include="app.rc">
      <Filter>Resource Files</Filter>
    </ResourceCompile>
  </ItemGroup>
  <ItemGroup>
    <Image Include="app.ico">
      <Filter>Resource Files</Filter>
    </Image>
  </ItemGroup>
</Project>